// !$*UTF8*$!
{
	archiveVersion = 1;
	classes = {
	};
	objectVersion = 55;
	objects = {

/* Begin PBXBuildFile section */
		789440DC287D3926005DF17D /* AppDelegate.swift in Sources */ = {isa = PBXBuildFile; fileRef = 789440DB287D3926005DF17D /* AppDelegate.swift */; };
		789440DE287D3926005DF17D /* SceneDelegate.swift in Sources */ = {isa = PBXBuildFile; fileRef = 789440DD287D3926005DF17D /* SceneDelegate.swift */; };
		789440E0287D3926005DF17D /* ViewController.swift in Sources */ = {isa = PBXBuildFile; fileRef = 789440DF287D3926005DF17D /* ViewController.swift */; };
		789440E3287D3926005DF17D /* Main.storyboard in Resources */ = {isa = PBXBuildFile; fileRef = 789440E1287D3926005DF17D /* Main.storyboard */; };
		789440E5287D3928005DF17D /* Assets.xcassets in Resources */ = {isa = PBXBuildFile; fileRef = 789440E4287D3928005DF17D /* Assets.xcassets */; };
		789440E8287D3928005DF17D /* LaunchScreen.storyboard in Resources */ = {isa = PBXBuildFile; fileRef = 789440E6287D3928005DF17D /* LaunchScreen.storyboard */; };
		7894410D287D3CAE005DF17D /* MetroTicketTests.swift in Sources */ = {isa = PBXBuildFile; fileRef = 7894410C287D3CAE005DF17D /* MetroTicketTests.swift */; };
		78944110287D3EE4005DF17D /* MetroTicket.swift in Sources */ = {isa = PBXBuildFile; fileRef = 7894410F287D3EE4005DF17D /* MetroTicket.swift */; };
		78944111287D3EE4005DF17D /* MetroTicket.swift in Sources */ = {isa = PBXBuildFile; fileRef = 7894410F287D3EE4005DF17D /* MetroTicket.swift */; };
		78944112287D3EE4005DF17D /* MetroTicket.swift in Sources */ = {isa = PBXBuildFile; fileRef = 7894410F287D3EE4005DF17D /* MetroTicket.swift */; };
		78944114287D41D6005DF17D /* MetroTicketControllerTests.swift in Sources */ = {isa = PBXBuildFile; fileRef = 78944113287D41D6005DF17D /* MetroTicketControllerTests.swift */; };
		78944116287D43E2005DF17D /* MetroTicketController.swift in Sources */ = {isa = PBXBuildFile; fileRef = 78944115287D43E2005DF17D /* MetroTicketController.swift */; };
		78944117287D43E2005DF17D /* MetroTicketController.swift in Sources */ = {isa = PBXBuildFile; fileRef = 78944115287D43E2005DF17D /* MetroTicketController.swift */; };
		78944118287D43E2005DF17D /* MetroTicketController.swift in Sources */ = {isa = PBXBuildFile; fileRef = 78944115287D43E2005DF17D /* MetroTicketController.swift */; };
/* End PBXBuildFile section */

/* Begin PBXContainerItemProxy section */
		789440EF287D3928005DF17D /* PBXContainerItemProxy */ = {
			isa = PBXContainerItemProxy;
			containerPortal = 789440D0287D3926005DF17D /* Project object */;
			proxyType = 1;
			remoteGlobalIDString = 789440D7287D3926005DF17D;
			remoteInfo = MetroTicketWithTDD;
		};
		789440F9287D3928005DF17D /* PBXContainerItemProxy */ = {
			isa = PBXContainerItemProxy;
			containerPortal = 789440D0287D3926005DF17D /* Project object */;
			proxyType = 1;
			remoteGlobalIDString = 789440D7287D3926005DF17D;
			remoteInfo = MetroTicketWithTDD;
		};
/* End PBXContainerItemProxy section */

/* Begin PBXFileReference section */
		789440D8287D3926005DF17D /* MetroTicketWithTDD.app */ = {isa = PBXFileReference; explicitFileType = wrapper.application; includeInIndex = 0; path = MetroTicketWithTDD.app; sourceTree = BUILT_PRODUCTS_DIR; };
		789440DB287D3926005DF17D /* AppDelegate.swift */ = {isa = PBXFileReference; lastKnownFileType = sourcecode.swift; path = AppDelegate.swift; sourceTree = "<group>"; };
		789440DD287D3926005DF17D /* SceneDelegate.swift */ = {isa = PBXFileReference; lastKnownFileType = sourcecode.swift; path = SceneDelegate.swift; sourceTree = "<group>"; };
		789440DF287D3926005DF17D /* ViewController.swift */ = {isa = PBXFileReference; lastKnownFileType = sourcecode.swift; path = ViewController.swift; sourceTree = "<group>"; };
		789440E2287D3926005DF17D /* Base */ = {isa = PBXFileReference; lastKnownFileType = file.storyboard; name = Base; path = Base.lproj/Main.storyboard; sourceTree = "<group>"; };
		789440E4287D3928005DF17D /* Assets.xcassets */ = {isa = PBXFileReference; lastKnownFileType = folder.assetcatalog; path = Assets.xcassets; sourceTree = "<group>"; };
		789440E7287D3928005DF17D /* Base */ = {isa = PBXFileReference; lastKnownFileType = file.storyboard; name = Base; path = Base.lproj/LaunchScreen.storyboard; sourceTree = "<group>"; };
		789440E9287D3928005DF17D /* Info.plist */ = {isa = PBXFileReference; lastKnownFileType = text.plist.xml; path = Info.plist; sourceTree = "<group>"; };
		789440EE287D3928005DF17D /* MetroTicketWithTDDTests.xctest */ = {isa = PBXFileReference; explicitFileType = wrapper.cfbundle; includeInIndex = 0; path = MetroTicketWithTDDTests.xctest; sourceTree = BUILT_PRODUCTS_DIR; };
		789440F8287D3928005DF17D /* MetroTicketWithTDDUITests.xctest */ = {isa = PBXFileReference; explicitFileType = wrapper.cfbundle; includeInIndex = 0; path = MetroTicketWithTDDUITests.xctest; sourceTree = BUILT_PRODUCTS_DIR; };
		7894410B287D3CAE005DF17D /* MetroTicketWithTDDTests-Bridging-Header.h */ = {isa = PBXFileReference; lastKnownFileType = sourcecode.c.h; path = "MetroTicketWithTDDTests-Bridging-Header.h"; sourceTree = "<group>"; };
		7894410C287D3CAE005DF17D /* MetroTicketTests.swift */ = {isa = PBXFileReference; lastKnownFileType = sourcecode.swift; path = MetroTicketTests.swift; sourceTree = "<group>"; };
		7894410E287D3EE4005DF17D /* MetroTicketWithTDDUITests-Bridging-Header.h */ = {isa = PBXFileReference; lastKnownFileType = sourcecode.c.h; path = "MetroTicketWithTDDUITests-Bridging-Header.h"; sourceTree = "<group>"; };
		7894410F287D3EE4005DF17D /* MetroTicket.swift */ = {isa = PBXFileReference; lastKnownFileType = sourcecode.swift; path = MetroTicket.swift; sourceTree = "<group>"; };
		78944113287D41D6005DF17D /* MetroTicketControllerTests.swift */ = {isa = PBXFileReference; lastKnownFileType = sourcecode.swift; path = MetroTicketControllerTests.swift; sourceTree = "<group>"; };
		78944115287D43E2005DF17D /* MetroTicketController.swift */ = {isa = PBXFileReference; lastKnownFileType = sourcecode.swift; path = MetroTicketController.swift; sourceTree = "<group>"; };
/* End PBXFileReference section */

/* Begin PBXFrameworksBuildPhase section */
		789440D5287D3926005DF17D /* Frameworks */ = {
			isa = PBXFrameworksBuildPhase;
			buildActionMask = 2147483647;
			files = (
			);
			runOnlyForDeploymentPostprocessing = 0;
		};
		789440EB287D3928005DF17D /* Frameworks */ = {
			isa = PBXFrameworksBuildPhase;
			buildActionMask = 2147483647;
			files = (
			);
			runOnlyForDeploymentPostprocessing = 0;
		};
		789440F5287D3928005DF17D /* Frameworks */ = {
			isa = PBXFrameworksBuildPhase;
			buildActionMask = 2147483647;
			files = (
			);
			runOnlyForDeploymentPostprocessing = 0;
		};
/* End PBXFrameworksBuildPhase section */

/* Begin PBXGroup section */
		789440CF287D3926005DF17D = {
			isa = PBXGroup;
			children = (
				789440DA287D3926005DF17D /* MetroTicketWithTDD */,
				789440F1287D3928005DF17D /* MetroTicketWithTDDTests */,
				789440FB287D3928005DF17D /* MetroTicketWithTDDUITests */,
				789440D9287D3926005DF17D /* Products */,
			);
			sourceTree = "<group>";
		};
		789440D9287D3926005DF17D /* Products */ = {
			isa = PBXGroup;
			children = (
				789440D8287D3926005DF17D /* MetroTicketWithTDD.app */,
				789440EE287D3928005DF17D /* MetroTicketWithTDDTests.xctest */,
				789440F8287D3928005DF17D /* MetroTicketWithTDDUITests.xctest */,
			);
			name = Products;
			sourceTree = "<group>";
		};
		789440DA287D3926005DF17D /* MetroTicketWithTDD */ = {
			isa = PBXGroup;
			children = (
				789440DB287D3926005DF17D /* AppDelegate.swift */,
				789440DD287D3926005DF17D /* SceneDelegate.swift */,
				789440DF287D3926005DF17D /* ViewController.swift */,
				789440E1287D3926005DF17D /* Main.storyboard */,
				789440E4287D3928005DF17D /* Assets.xcassets */,
				789440E6287D3928005DF17D /* LaunchScreen.storyboard */,
				789440E9287D3928005DF17D /* Info.plist */,
				7894410F287D3EE4005DF17D /* MetroTicket.swift */,
				7894410E287D3EE4005DF17D /* MetroTicketWithTDDUITests-Bridging-Header.h */,
				78944115287D43E2005DF17D /* MetroTicketController.swift */,
			);
			path = MetroTicketWithTDD;
			sourceTree = "<group>";
		};
		789440F1287D3928005DF17D /* MetroTicketWithTDDTests */ = {
			isa = PBXGroup;
			children = (
				7894410C287D3CAE005DF17D /* MetroTicketTests.swift */,
				7894410B287D3CAE005DF17D /* MetroTicketWithTDDTests-Bridging-Header.h */,
				78944113287D41D6005DF17D /* MetroTicketControllerTests.swift */,
			);
			path = MetroTicketWithTDDTests;
			sourceTree = "<group>";
		};
		789440FB287D3928005DF17D /* MetroTicketWithTDDUITests */ = {
			isa = PBXGroup;
			children = (
			);
			path = MetroTicketWithTDDUITests;
			sourceTree = "<group>";
		};
/* End PBXGroup section */

/* Begin PBXNativeTarget section */
		789440D7287D3926005DF17D /* MetroTicketWithTDD */ = {
			isa = PBXNativeTarget;
			buildConfigurationList = 78944102287D3928005DF17D /* Build configuration list for PBXNativeTarget "MetroTicketWithTDD" */;
			buildPhases = (
				789440D4287D3926005DF17D /* Sources */,
				789440D5287D3926005DF17D /* Frameworks */,
				789440D6287D3926005DF17D /* Resources */,
			);
			buildRules = (
			);
			dependencies = (
			);
			name = MetroTicketWithTDD;
			productName = MetroTicketWithTDD;
			productReference = 789440D8287D3926005DF17D /* MetroTicketWithTDD.app */;
			productType = "com.apple.product-type.application";
		};
		789440ED287D3928005DF17D /* MetroTicketWithTDDTests */ = {
			isa = PBXNativeTarget;
			buildConfigurationList = 78944105287D3928005DF17D /* Build configuration list for PBXNativeTarget "MetroTicketWithTDDTests" */;
			buildPhases = (
				789440EA287D3928005DF17D /* Sources */,
				789440EB287D3928005DF17D /* Frameworks */,
				789440EC287D3928005DF17D /* Resources */,
			);
			buildRules = (
			);
			dependencies = (
				789440F0287D3928005DF17D /* PBXTargetDependency */,
			);
			name = MetroTicketWithTDDTests;
			productName = MetroTicketWithTDDTests;
			productReference = 789440EE287D3928005DF17D /* MetroTicketWithTDDTests.xctest */;
			productType = "com.apple.product-type.bundle.unit-test";
		};
		789440F7287D3928005DF17D /* MetroTicketWithTDDUITests */ = {
			isa = PBXNativeTarget;
			buildConfigurationList = 78944108287D3928005DF17D /* Build configuration list for PBXNativeTarget "MetroTicketWithTDDUITests" */;
			buildPhases = (
				789440F4287D3928005DF17D /* Sources */,
				789440F5287D3928005DF17D /* Frameworks */,
				789440F6287D3928005DF17D /* Resources */,
			);
			buildRules = (
			);
			dependencies = (
				789440FA287D3928005DF17D /* PBXTargetDependency */,
			);
			name = MetroTicketWithTDDUITests;
			productName = MetroTicketWithTDDUITests;
			productReference = 789440F8287D3928005DF17D /* MetroTicketWithTDDUITests.xctest */;
			productType = "com.apple.product-type.bundle.ui-testing";
		};
/* End PBXNativeTarget section */

/* Begin PBXProject section */
		789440D0287D3926005DF17D /* Project object */ = {
			isa = PBXProject;
			attributes = {
				BuildIndependentTargetsInParallel = 1;
				LastSwiftUpdateCheck = 1300;
				LastUpgradeCheck = 1300;
				TargetAttributes = {
					789440D7287D3926005DF17D = {
						CreatedOnToolsVersion = 13.0;
					};
					789440ED287D3928005DF17D = {
						CreatedOnToolsVersion = 13.0;
						LastSwiftMigration = 1300;
						TestTargetID = 789440D7287D3926005DF17D;
					};
					789440F7287D3928005DF17D = {
						CreatedOnToolsVersion = 13.0;
						LastSwiftMigration = 1300;
						TestTargetID = 789440D7287D3926005DF17D;
					};
				};
			};
			buildConfigurationList = 789440D3287D3926005DF17D /* Build configuration list for PBXProject "MetroTicketWithTDD" */;
			compatibilityVersion = "Xcode 13.0";
			developmentRegion = en;
			hasScannedForEncodings = 0;
			knownRegions = (
				en,
				Base,
			);
			mainGroup = 789440CF287D3926005DF17D;
			productRefGroup = 789440D9287D3926005DF17D /* Products */;
			projectDirPath = "";
			projectRoot = "";
			targets = (
				789440D7287D3926005DF17D /* MetroTicketWithTDD */,
				789440ED287D3928005DF17D /* MetroTicketWithTDDTests */,
				789440F7287D3928005DF17D /* MetroTicketWithTDDUITests */,
			);
		};
/* End PBXProject section */

/* Begin PBXResourcesBuildPhase section */
		789440D6287D3926005DF17D /* Resources */ = {
			isa = PBXResourcesBuildPhase;
			buildActionMask = 2147483647;
			files = (
				789440E8287D3928005DF17D /* LaunchScreen.storyboard in Resources */,
				789440E5287D3928005DF17D /* Assets.xcassets in Resources */,
				789440E3287D3926005DF17D /* Main.storyboard in Resources */,
			);
			runOnlyForDeploymentPostprocessing = 0;
		};
		789440EC287D3928005DF17D /* Resources */ = {
			isa = PBXResourcesBuildPhase;
			buildActionMask = 2147483647;
			files = (
			);
			runOnlyForDeploymentPostprocessing = 0;
		};
		789440F6287D3928005DF17D /* Resources */ = {
			isa = PBXResourcesBuildPhase;
			buildActionMask = 2147483647;
			files = (
			);
			runOnlyForDeploymentPostprocessing = 0;
		};
/* End PBXResourcesBuildPhase section */

/* Begin PBXSourcesBuildPhase section */
		789440D4287D3926005DF17D /* Sources */ = {
			isa = PBXSourcesBuildPhase;
			buildActionMask = 2147483647;
			files = (
				789440E0287D3926005DF17D /* ViewController.swift in Sources */,
				789440DC287D3926005DF17D /* AppDelegate.swift in Sources */,
				789440DE287D3926005DF17D /* SceneDelegate.swift in Sources */,
				78944116287D43E2005DF17D /* MetroTicketController.swift in Sources */,
				78944110287D3EE4005DF17D /* MetroTicket.swift in Sources */,
			);
			runOnlyForDeploymentPostprocessing = 0;
		};
		789440EA287D3928005DF17D /* Sources */ = {
			isa = PBXSourcesBuildPhase;
			buildActionMask = 2147483647;
			files = (
				7894410D287D3CAE005DF17D /* MetroTicketTests.swift in Sources */,
				78944117287D43E2005DF17D /* MetroTicketController.swift in Sources */,
				78944111287D3EE4005DF17D /* MetroTicket.swift in Sources */,
				78944114287D41D6005DF17D /* MetroTicketControllerTests.swift in Sources */,
			);
			runOnlyForDeploymentPostprocessing = 0;
		};
		789440F4287D3928005DF17D /* Sources */ = {
			isa = PBXSourcesBuildPhase;
			buildActionMask = 2147483647;
			files = (
				78944112287D3EE4005DF17D /* MetroTicket.swift in Sources */,
				78944118287D43E2005DF17D /* MetroTicketController.swift in Sources */,
			);
			runOnlyForDeploymentPostprocessing = 0;
		};
/* End PBXSourcesBuildPhase section */

/* Begin PBXTargetDependency section */
		789440F0287D3928005DF17D /* PBXTargetDependency */ = {
			isa = PBXTargetDependency;
			target = 789440D7287D3926005DF17D /* MetroTicketWithTDD */;
			targetProxy = 789440EF287D3928005DF17D /* PBXContainerItemProxy */;
		};
		789440FA287D3928005DF17D /* PBXTargetDependency */ = {
			isa = PBXTargetDependency;
			target = 789440D7287D3926005DF17D /* MetroTicketWithTDD */;
			targetProxy = 789440F9287D3928005DF17D /* PBXContainerItemProxy */;
		};
/* End PBXTargetDependency section */

/* Begin PBXVariantGroup section */
		789440E1287D3926005DF17D /* Main.storyboard */ = {
			isa = PBXVariantGroup;
			children = (
				789440E2287D3926005DF17D /* Base */,
			);
			name = Main.storyboard;
			sourceTree = "<group>";
		};
		789440E6287D3928005DF17D /* LaunchScreen.storyboard */ = {
			isa = PBXVariantGroup;
			children = (
				789440E7287D3928005DF17D /* Base */,
			);
			name = LaunchScreen.storyboard;
			sourceTree = "<group>";
		};
/* End PBXVariantGroup section */

/* Begin XCBuildConfiguration section */
		78944100287D3928005DF17D /* Debug */ = {
			isa = XCBuildConfiguration;
			buildSettings = {
				ALWAYS_SEARCH_USER_PATHS = NO;
				CLANG_ANALYZER_NONNULL = YES;
				CLANG_ANALYZER_NUMBER_OBJECT_CONVERSION = YES_AGGRESSIVE;
				CLANG_CXX_LANGUAGE_STANDARD = "gnu++17";
				CLANG_CXX_LIBRARY = "libc++";
				CLANG_ENABLE_MODULES = YES;
				CLANG_ENABLE_OBJC_ARC = YES;
				CLANG_ENABLE_OBJC_WEAK = YES;
				CLANG_WARN_BLOCK_CAPTURE_AUTORELEASING = YES;
				CLANG_WARN_BOOL_CONVERSION = YES;
				CLANG_WARN_COMMA = YES;
				CLANG_WARN_CONSTANT_CONVERSION = YES;
				CLANG_WARN_DEPRECATED_OBJC_IMPLEMENTATIONS = YES;
				CLANG_WARN_DIRECT_OBJC_ISA_USAGE = YES_ERROR;
				CLANG_WARN_DOCUMENTATION_COMMENTS = YES;
				CLANG_WARN_EMPTY_BODY = YES;
				CLANG_WARN_ENUM_CONVERSION = YES;
				CLANG_WARN_INFINITE_RECURSION = YES;
				CLANG_WARN_INT_CONVERSION = YES;
				CLANG_WARN_NON_LITERAL_NULL_CONVERSION = YES;
				CLANG_WARN_OBJC_IMPLICIT_RETAIN_SELF = YES;
				CLANG_WARN_OBJC_LITERAL_CONVERSION = YES;
				CLANG_WARN_OBJC_ROOT_CLASS = YES_ERROR;
				CLANG_WARN_QUOTED_INCLUDE_IN_FRAMEWORK_HEADER = YES;
				CLANG_WARN_RANGE_LOOP_ANALYSIS = YES;
				CLANG_WARN_STRICT_PROTOTYPES = YES;
				CLANG_WARN_SUSPICIOUS_MOVE = YES;
				CLANG_WARN_UNGUARDED_AVAILABILITY = YES_AGGRESSIVE;
				CLANG_WARN_UNREACHABLE_CODE = YES;
				CLANG_WARN__DUPLICATE_METHOD_MATCH = YES;
				COPY_PHASE_STRIP = NO;
				DEBUG_INFORMATION_FORMAT = dwarf;
				ENABLE_STRICT_OBJC_MSGSEND = YES;
				ENABLE_TESTABILITY = YES;
				GCC_C_LANGUAGE_STANDARD = gnu11;
				GCC_DYNAMIC_NO_PIC = NO;
				GCC_NO_COMMON_BLOCKS = YES;
				GCC_OPTIMIZATION_LEVEL = 0;
				GCC_PREPROCESSOR_DEFINITIONS = (
					"DEBUG=1",
					"$(inherited)",
				);
				GCC_WARN_64_TO_32_BIT_CONVERSION = YES;
				GCC_WARN_ABOUT_RETURN_TYPE = YES_ERROR;
				GCC_WARN_UNDECLARED_SELECTOR = YES;
				GCC_WARN_UNINITIALIZED_AUTOS = YES_AGGRESSIVE;
				GCC_WARN_UNUSED_FUNCTION = YES;
				GCC_WARN_UNUSED_VARIABLE = YES;
				IPHONEOS_DEPLOYMENT_TARGET = 15.0;
				MTL_ENABLE_DEBUG_INFO = INCLUDE_SOURCE;
				MTL_FAST_MATH = YES;
				ONLY_ACTIVE_ARCH = YES;
				SDKROOT = iphoneos;
				SWIFT_ACTIVE_COMPILATION_CONDITIONS = DEBUG;
				SWIFT_OPTIMIZATION_LEVEL = "-Onone";
			};
			name = Debug;
		};
		78944101287D3928005DF17D /* Release */ = {
			isa = XCBuildConfiguration;
			buildSettings = {
				ALWAYS_SEARCH_USER_PATHS = NO;
				CLANG_ANALYZER_NONNULL = YES;
				CLANG_ANALYZER_NUMBER_OBJECT_CONVERSION = YES_AGGRESSIVE;
				CLANG_CXX_LANGUAGE_STANDARD = "gnu++17";
				CLANG_CXX_LIBRARY = "libc++";
				CLANG_ENABLE_MODULES = YES;
				CLANG_ENABLE_OBJC_ARC = YES;
				CLANG_ENABLE_OBJC_WEAK = YES;
				CLANG_WARN_BLOCK_CAPTURE_AUTORELEASING = YES;
				CLANG_WARN_BOOL_CONVERSION = YES;
				CLANG_WARN_COMMA = YES;
				CLANG_WARN_CONSTANT_CONVERSION = YES;
				CLANG_WARN_DEPRECATED_OBJC_IMPLEMENTATIONS = YES;
				CLANG_WARN_DIRECT_OBJC_ISA_USAGE = YES_ERROR;
				CLANG_WARN_DOCUMENTATION_COMMENTS = YES;
				CLANG_WARN_EMPTY_BODY = YES;
				CLANG_WARN_ENUM_CONVERSION = YES;
				CLANG_WARN_INFINITE_RECURSION = YES;
				CLANG_WARN_INT_CONVERSION = YES;
				CLANG_WARN_NON_LITERAL_NULL_CONVERSION = YES;
				CLANG_WARN_OBJC_IMPLICIT_RETAIN_SELF = YES;
				CLANG_WARN_OBJC_LITERAL_CONVERSION = YES;
				CLANG_WARN_OBJC_ROOT_CLASS = YES_ERROR;
				CLANG_WARN_QUOTED_INCLUDE_IN_FRAMEWORK_HEADER = YES;
				CLANG_WARN_RANGE_LOOP_ANALYSIS = YES;
				CLANG_WARN_STRICT_PROTOTYPES = YES;
				CLANG_WARN_SUSPICIOUS_MOVE = YES;
				CLANG_WARN_UNGUARDED_AVAILABILITY = YES_AGGRESSIVE;
				CLANG_WARN_UNREACHABLE_CODE = YES;
				CLANG_WARN__DUPLICATE_METHOD_MATCH = YES;
				COPY_PHASE_STRIP = NO;
				DEBUG_INFORMATION_FORMAT = "dwarf-with-dsym";
				ENABLE_NS_ASSERTIONS = NO;
				ENABLE_STRICT_OBJC_MSGSEND = YES;
				GCC_C_LANGUAGE_STANDARD = gnu11;
				GCC_NO_COMMON_BLOCKS = YES;
				GCC_WARN_64_TO_32_BIT_CONVERSION = YES;
				GCC_WARN_ABOUT_RETURN_TYPE = YES_ERROR;
				GCC_WARN_UNDECLARED_SELECTOR = YES;
				GCC_WARN_UNINITIALIZED_AUTOS = YES_AGGRESSIVE;
				GCC_WARN_UNUSED_FUNCTION = YES;
				GCC_WARN_UNUSED_VARIABLE = YES;
				IPHONEOS_DEPLOYMENT_TARGET = 15.0;
				MTL_ENABLE_DEBUG_INFO = NO;
				MTL_FAST_MATH = YES;
				SDKROOT = iphoneos;
				SWIFT_COMPILATION_MODE = wholemodule;
				SWIFT_OPTIMIZATION_LEVEL = "-O";
				VALIDATE_PRODUCT = YES;
			};
			name = Release;
		};
		78944103287D3928005DF17D /* Debug */ = {
			isa = XCBuildConfiguration;
			buildSettings = {
				ASSETCATALOG_COMPILER_APPICON_NAME = AppIcon;
				ASSETCATALOG_COMPILER_GLOBAL_ACCENT_COLOR_NAME = AccentColor;
				CODE_SIGN_STYLE = Automatic;
				CURRENT_PROJECT_VERSION = 1;
				GENERATE_INFOPLIST_FILE = YES;
				INFOPLIST_FILE = MetroTicketWithTDD/Info.plist;
				INFOPLIST_KEY_UIApplicationSupportsIndirectInputEvents = YES;
				INFOPLIST_KEY_UILaunchStoryboardName = LaunchScreen;
				INFOPLIST_KEY_UIMainStoryboardFile = Main;
				INFOPLIST_KEY_UISupportedInterfaceOrientations_iPad = "UIInterfaceOrientationPortrait UIInterfaceOrientationPortraitUpsideDown UIInterfaceOrientationLandscapeLeft UIInterfaceOrientationLandscapeRight";
				INFOPLIST_KEY_UISupportedInterfaceOrientations_iPhone = "UIInterfaceOrientationPortrait UIInterfaceOrientationLandscapeLeft UIInterfaceOrientationLandscapeRight";
				LD_RUNPATH_SEARCH_PATHS = (
					"$(inherited)",
					"@executable_path/Frameworks",
				);
				MARKETING_VERSION = 1.0;
				PRODUCT_BUNDLE_IDENTIFIER = com.mr.MetroTicketWithTDD;
				PRODUCT_NAME = "$(TARGET_NAME)";
				SWIFT_EMIT_LOC_STRINGS = YES;
				SWIFT_VERSION = 5.0;
				TARGETED_DEVICE_FAMILY = "1,2";
			};
			name = Debug;
		};
		78944104287D3928005DF17D /* Release */ = {
			isa = XCBuildConfiguration;
			buildSettings = {
				ASSETCATALOG_COMPILER_APPICON_NAME = AppIcon;
				ASSETCATALOG_COMPILER_GLOBAL_ACCENT_COLOR_NAME = AccentColor;
				CODE_SIGN_STYLE = Automatic;
				CURRENT_PROJECT_VERSION = 1;
				GENERATE_INFOPLIST_FILE = YES;
				INFOPLIST_FILE = MetroTicketWithTDD/Info.plist;
				INFOPLIST_KEY_UIApplicationSupportsIndirectInputEvents = YES;
				INFOPLIST_KEY_UILaunchStoryboardName = LaunchScreen;
				INFOPLIST_KEY_UIMainStoryboardFile = Main;
				INFOPLIST_KEY_UISupportedInterfaceOrientations_iPad = "UIInterfaceOrientationPortrait UIInterfaceOrientationPortraitUpsideDown UIInterfaceOrientationLandscapeLeft UIInterfaceOrientationLandscapeRight";
				INFOPLIST_KEY_UISupportedInterfaceOrientations_iPhone = "UIInterfaceOrientationPortrait UIInterfaceOrientationLandscapeLeft UIInterfaceOrientationLandscapeRight";
				LD_RUNPATH_SEARCH_PATHS = (
					"$(inherited)",
					"@executable_path/Frameworks",
				);
				MARKETING_VERSION = 1.0;
				PRODUCT_BUNDLE_IDENTIFIER = com.mr.MetroTicketWithTDD;
				PRODUCT_NAME = "$(TARGET_NAME)";
				SWIFT_EMIT_LOC_STRINGS = YES;
				SWIFT_VERSION = 5.0;
				TARGETED_DEVICE_FAMILY = "1,2";
			};
			name = Release;
		};
		78944106287D3928005DF17D /* Debug */ = {
			isa = XCBuildConfiguration;
			buildSettings = {
				ALWAYS_EMBED_SWIFT_STANDARD_LIBRARIES = YES;
				BUNDLE_LOADER = "$(TEST_HOST)";
				CLANG_ENABLE_MODULES = YES;
				CODE_SIGN_STYLE = Automatic;
				CURRENT_PROJECT_VERSION = 1;
				GENERATE_INFOPLIST_FILE = YES;
				IPHONEOS_DEPLOYMENT_TARGET = 15.0;
				LD_RUNPATH_SEARCH_PATHS = (
					"$(inherited)",
					"@executable_path/Frameworks",
					"@loader_path/Frameworks",
				);
				MARKETING_VERSION = 1.0;
				PRODUCT_BUNDLE_IDENTIFIER = com.mr.MetroTicketWithTDDTests;
				PRODUCT_NAME = "$(TARGET_NAME)";
				SWIFT_EMIT_LOC_STRINGS = NO;
				SWIFT_OBJC_BRIDGING_HEADER = "MetroTicketWithTDDTests/MetroTicketWithTDDTests-Bridging-Header.h";
				SWIFT_OPTIMIZATION_LEVEL = "-Onone";
				SWIFT_VERSION = 5.0;
				TARGETED_DEVICE_FAMILY = "1,2";
				TEST_HOST = "$(BUILT_PRODUCTS_DIR)/MetroTicketWithTDD.app/MetroTicketWithTDD";
			};
			name = Debug;
		};
		78944107287D3928005DF17D /* Release */ = {
			isa = XCBuildConfiguration;
			buildSettings = {
				ALWAYS_EMBED_SWIFT_STANDARD_LIBRARIES = YES;
				BUNDLE_LOADER = "$(TEST_HOST)";
				CLANG_ENABLE_MODULES = YES;
				CODE_SIGN_STYLE = Automatic;
				CURRENT_PROJECT_VERSION = 1;
				GENERATE_INFOPLIST_FILE = YES;
				IPHONEOS_DEPLOYMENT_TARGET = 15.0;
				LD_RUNPATH_SEARCH_PATHS = (
					"$(inherited)",
					"@executable_path/Frameworks",
					"@loader_path/Frameworks",
				);
				MARKETING_VERSION = 1.0;
				PRODUCT_BUNDLE_IDENTIFIER = com.mr.MetroTicketWithTDDTests;
				PRODUCT_NAME = "$(TARGET_NAME)";
				SWIFT_EMIT_LOC_STRINGS = NO;
				SWIFT_OBJC_BRIDGING_HEADER = "MetroTicketWithTDDTests/MetroTicketWithTDDTests-Bridging-Header.h";
				SWIFT_VERSION = 5.0;
				TARGETED_DEVICE_FAMILY = "1,2";
				TEST_HOST = "$(BUILT_PRODUCTS_DIR)/MetroTicketWithTDD.app/MetroTicketWithTDD";
			};
			name = Release;
		};
		78944109287D3928005DF17D /* Debug */ = {
			isa = XCBuildConfiguration;
			buildSettings = {
				ALWAYS_EMBED_SWIFT_STANDARD_LIBRARIES = YES;
				CLANG_ENABLE_MODULES = YES;
				CODE_SIGN_STYLE = Automatic;
				CURRENT_PROJECT_VERSION = 1;
				GENERATE_INFOPLIST_FILE = YES;
				LD_RUNPATH_SEARCH_PATHS = (
					"$(inherited)",
					"@executable_path/Frameworks",
					"@loader_path/Frameworks",
				);
				MARKETING_VERSION = 1.0;
				PRODUCT_BUNDLE_IDENTIFIER = com.mr.MetroTicketWithTDDUITests;
				PRODUCT_NAME = "$(TARGET_NAME)";
				SWIFT_EMIT_LOC_STRINGS = NO;
				SWIFT_OBJC_BRIDGING_HEADER = "MetroTicketWithTDD/MetroTicketWithTDDUITests-Bridging-Header.h";
				SWIFT_OPTIMIZATION_LEVEL = "-Onone";
				SWIFT_VERSION = 5.0;
				TARGETED_DEVICE_FAMILY = "1,2";
				TEST_TARGET_NAME = MetroTicketWithTDD;
			};
			name = Debug;
		};
		7894410A287D3928005DF17D /* Release */ = {
			isa = XCBuildConfiguration;
			buildSettings = {
				ALWAYS_EMBED_SWIFT_STANDARD_LIBRARIES = YES;
				CLANG_ENABLE_MODULES = YES;
				CODE_SIGN_STYLE = Automatic;
				CURRENT_PROJECT_VERSION = 1;
				GENERATE_INFOPLIST_FILE = YES;
				LD_RUNPATH_SEARCH_PATHS = (
					"$(inherited)",
					"@executable_path/Frameworks",
					"@loader_path/Frameworks",
				);
				MARKETING_VERSION = 1.0;
				PRODUCT_BUNDLE_IDENTIFIER = com.mr.MetroTicketWithTDDUITests;
				PRODUCT_NAME = "$(TARGET_NAME)";
				SWIFT_EMIT_LOC_STRINGS = NO;
				SWIFT_OBJC_BRIDGING_HEADER = "MetroTicketWithTDD/MetroTicketWithTDDUITests-Bridging-Header.h";
				SWIFT_VERSION = 5.0;
				TARGETED_DEVICE_FAMILY = "1,2";
				TEST_TARGET_NAME = MetroTicketWithTDD;
			};
			name = Release;
		};
/* End XCBuildConfiguration section */

/* Begin XCConfigurationList section */
		789440D3287D3926005DF17D /* Build configuration list for PBXProject "MetroTicketWithTDD" */ = {
			isa = XCConfigurationList;
			buildConfigurations = (
				78944100287D3928005DF17D /* Debug */,
				78944101287D3928005DF17D /* Release */,
			);
			defaultConfigurationIsVisible = 0;
			defaultConfigurationName = Release;
		};
		78944102287D3928005DF17D /* Build configuration list for PBXNativeTarget "MetroTicketWithTDD" */ = {
			isa = XCConfigurationList;
			buildConfigurations = (
				78944103287D3928005DF17D /* Debug */,
				78944104287D3928005DF17D /* Release */,
			);
			defaultConfigurationIsVisible = 0;
			defaultConfigurationName = Release;
		};
		78944105287D3928005DF17D /* Build configuration list for PBXNativeTarget "MetroTicketWithTDDTests" */ = {
			isa = XCConfigurationList;
			buildConfigurations = (
				78944106287D3928005DF17D /* Debug */,
				78944107287D3928005DF17D /* Release */,
			);
			defaultConfigurationIsVisible = 0;
			defaultConfigurationName = Release;
		};
		78944108287D3928005DF17D /* Build configuration list for PBXNativeTarget "MetroTicketWithTDDUITests" */ = {
			isa = XCConfigurationList;
			buildConfigurations = (
				78944109287D3928005DF17D /* Debug */,
				7894410A287D3928005DF17D /* Release */,
			);
			defaultConfigurationIsVisible = 0;
			defaultConfigurationName = Release;
		};
/* End XCConfigurationList section */
	};
	rootObject = 789440D0287D3926005DF17D /* Project object */;
}
